
Microsoft Visual Studio Solution File, Format Version 12.00
# Visual Studio 15
VisualStudioVersion = 15.0.27130.2003
MinimumVisualStudioVersion = 10.0.40219.1
Project("{2150E333-8FDC-42A3-9474-1A3956D46DE8}") = "src", "src", "{DD5BD056-4AAE-43EF-BBD2-0B569B8DA84D}"
EndProject
Project("{2150E333-8FDC-42A3-9474-1A3956D46DE8}") = "util", "util", "{DD5BD056-4AAE-43EF-BBD2-0B569B8DA84E}"
EndProject
Project("{2150E333-8FDC-42A3-9474-1A3956D46DE8}") = "test", "test", "{DD5BD056-4AAE-43EF-BBD2-0B569B8DA84F}"
EndProject
Project("{2150E333-8FDC-42A3-9474-1A3956D46DE8}") = "Solution Items", "Solution Items", "{458155D3-BCBC-481D-B37A-40D2ED10F0A4}"
	ProjectSection(SolutionItems) = preProject
		.editorconfig = .editorconfig
		.gitignore = .gitignore
		appveyor.yml = appveyor.yml
		build.sh = build.sh
		LICENSE.txt = LICENSE.txt
		NuGet.Config = NuGet.Config
		README.md = README.md
		SECURITY.md = SECURITY.md
	EndProjectSection
EndProject
Project("{9A19103F-16F7-4668-BE54-9A1E7A4F7556}") = "Core", "src\Core\Core.csproj", "{3973D21B-A692-4B60-9B70-3631C057423A}"
EndProject
Project("{9A19103F-16F7-4668-BE54-9A1E7A4F7556}") = "Api", "src\Api\Api.csproj", "{E8548AD6-7FB0-439A-8EB5-549A10336D2D}"
EndProject
Project("{00D1A9C2-B5F0-4AF3-8072-F6C62B433612}") = "Sql", "src\Sql\Sql.sqlproj", "{58554E52-FDEC-4832-AFF9-302B01E08DCA}"
EndProject
Project("{9A19103F-16F7-4668-BE54-9A1E7A4F7556}") = "Billing", "src\Billing\Billing.csproj", "{02BC2982-ED8D-4A6D-A41E-092B3DAEB98A}"
EndProject
Project("{9A19103F-16F7-4668-BE54-9A1E7A4F7556}") = "Identity", "src\Identity\Identity.csproj", "{04148736-3C0B-445E-8B74-2020E7A53502}"
EndProject
Project("{9A19103F-16F7-4668-BE54-9A1E7A4F7556}") = "Setup", "util\Setup\Setup.csproj", "{EF2164EF-1FC0-4518-A2ED-CE02D3630B00}"
EndProject
Project("{9A19103F-16F7-4668-BE54-9A1E7A4F7556}") = "Server", "util\Server\Server.csproj", "{66B0A682-658A-4A82-B606-A077A4871448}"
EndProject
Project("{9A19103F-16F7-4668-BE54-9A1E7A4F7556}") = "Icons", "src\Icons\Icons.csproj", "{9CF59342-3912-4B45-A2BA-0F173666586D}"
EndProject
Project("{9A19103F-16F7-4668-BE54-9A1E7A4F7556}") = "Events", "src\Events\Events.csproj", "{994DD611-F266-4BD3-8072-3B1B57267ED5}"
EndProject
Project("{9A19103F-16F7-4668-BE54-9A1E7A4F7556}") = "Admin", "src\Admin\Admin.csproj", "{B131CEF3-89FB-4C90-ADB0-9E9C4246EB56}"
EndProject
Project("{9A19103F-16F7-4668-BE54-9A1E7A4F7556}") = "Notifications", "src\Notifications\Notifications.csproj", "{28635027-20E5-42FA-B218-B6C878DE5350}"
EndProject
Project("{9A19103F-16F7-4668-BE54-9A1E7A4F7556}") = "Core.Test", "test\Core.Test\Core.Test.csproj", "{8EF31E6C-400A-4174-8BE3-502B08FB10B5}"
EndProject
Project("{9A19103F-16F7-4668-BE54-9A1E7A4F7556}") = "EventsProcessor", "src\EventsProcessor\EventsProcessor.csproj", "{79BB453F-D0D8-4DDF-9809-A405C56692BD}"
EndProject
Global
	GlobalSection(SolutionConfigurationPlatforms) = preSolution
		Debug|Any CPU = Debug|Any CPU
		Release|Any CPU = Release|Any CPU
	EndGlobalSection
	GlobalSection(ProjectConfigurationPlatforms) = postSolution
		{3973D21B-A692-4B60-9B70-3631C057423A}.Debug|Any CPU.ActiveCfg = Debug|Any CPU
		{3973D21B-A692-4B60-9B70-3631C057423A}.Debug|Any CPU.Build.0 = Debug|Any CPU
		{3973D21B-A692-4B60-9B70-3631C057423A}.Release|Any CPU.ActiveCfg = Release|Any CPU
		{3973D21B-A692-4B60-9B70-3631C057423A}.Release|Any CPU.Build.0 = Release|Any CPU
		{E8548AD6-7FB0-439A-8EB5-549A10336D2D}.Debug|Any CPU.ActiveCfg = Debug|Any CPU
		{E8548AD6-7FB0-439A-8EB5-549A10336D2D}.Debug|Any CPU.Build.0 = Debug|Any CPU
		{E8548AD6-7FB0-439A-8EB5-549A10336D2D}.Release|Any CPU.ActiveCfg = Release|Any CPU
		{E8548AD6-7FB0-439A-8EB5-549A10336D2D}.Release|Any CPU.Build.0 = Release|Any CPU
		{58554E52-FDEC-4832-AFF9-302B01E08DCA}.Debug|Any CPU.ActiveCfg = Debug|Any CPU
		{58554E52-FDEC-4832-AFF9-302B01E08DCA}.Debug|Any CPU.Build.0 = Debug|Any CPU
		{58554E52-FDEC-4832-AFF9-302B01E08DCA}.Debug|Any CPU.Deploy.0 = Debug|Any CPU
		{58554E52-FDEC-4832-AFF9-302B01E08DCA}.Release|Any CPU.ActiveCfg = Release|Any CPU
		{58554E52-FDEC-4832-AFF9-302B01E08DCA}.Release|Any CPU.Build.0 = Release|Any CPU
		{58554E52-FDEC-4832-AFF9-302B01E08DCA}.Release|Any CPU.Deploy.0 = Release|Any CPU
		{02BC2982-ED8D-4A6D-A41E-092B3DAEB98A}.Debug|Any CPU.ActiveCfg = Debug|Any CPU
		{02BC2982-ED8D-4A6D-A41E-092B3DAEB98A}.Debug|Any CPU.Build.0 = Debug|Any CPU
		{02BC2982-ED8D-4A6D-A41E-092B3DAEB98A}.Release|Any CPU.ActiveCfg = Release|Any CPU
		{02BC2982-ED8D-4A6D-A41E-092B3DAEB98A}.Release|Any CPU.Build.0 = Release|Any CPU
		{04148736-3C0B-445E-8B74-2020E7A53502}.Debug|Any CPU.ActiveCfg = Debug|Any CPU
		{04148736-3C0B-445E-8B74-2020E7A53502}.Debug|Any CPU.Build.0 = Debug|Any CPU
		{04148736-3C0B-445E-8B74-2020E7A53502}.Release|Any CPU.ActiveCfg = Release|Any CPU
		{04148736-3C0B-445E-8B74-2020E7A53502}.Release|Any CPU.Build.0 = Release|Any CPU
		{EF2164EF-1FC0-4518-A2ED-CE02D3630B00}.Debug|Any CPU.ActiveCfg = Debug|Any CPU
		{EF2164EF-1FC0-4518-A2ED-CE02D3630B00}.Debug|Any CPU.Build.0 = Debug|Any CPU
		{EF2164EF-1FC0-4518-A2ED-CE02D3630B00}.Release|Any CPU.ActiveCfg = Release|Any CPU
		{EF2164EF-1FC0-4518-A2ED-CE02D3630B00}.Release|Any CPU.Build.0 = Release|Any CPU
		{66B0A682-658A-4A82-B606-A077A4871448}.Debug|Any CPU.ActiveCfg = Debug|Any CPU
		{66B0A682-658A-4A82-B606-A077A4871448}.Debug|Any CPU.Build.0 = Debug|Any CPU
		{66B0A682-658A-4A82-B606-A077A4871448}.Release|Any CPU.ActiveCfg = Release|Any CPU
		{66B0A682-658A-4A82-B606-A077A4871448}.Release|Any CPU.Build.0 = Release|Any CPU
		{9CF59342-3912-4B45-A2BA-0F173666586D}.Debug|Any CPU.ActiveCfg = Debug|Any CPU
		{9CF59342-3912-4B45-A2BA-0F173666586D}.Debug|Any CPU.Build.0 = Debug|Any CPU
		{9CF59342-3912-4B45-A2BA-0F173666586D}.Release|Any CPU.ActiveCfg = Release|Any CPU
		{9CF59342-3912-4B45-A2BA-0F173666586D}.Release|Any CPU.Build.0 = Release|Any CPU
		{994DD611-F266-4BD3-8072-3B1B57267ED5}.Debug|Any CPU.ActiveCfg = Debug|Any CPU
		{994DD611-F266-4BD3-8072-3B1B57267ED5}.Debug|Any CPU.Build.0 = Debug|Any CPU
		{994DD611-F266-4BD3-8072-3B1B57267ED5}.Release|Any CPU.ActiveCfg = Release|Any CPU
		{994DD611-F266-4BD3-8072-3B1B57267ED5}.Release|Any CPU.Build.0 = Release|Any CPU
		{B131CEF3-89FB-4C90-ADB0-9E9C4246EB56}.Debug|Any CPU.ActiveCfg = Debug|Any CPU
		{B131CEF3-89FB-4C90-ADB0-9E9C4246EB56}.Debug|Any CPU.Build.0 = Debug|Any CPU
		{B131CEF3-89FB-4C90-ADB0-9E9C4246EB56}.Release|Any CPU.ActiveCfg = Release|Any CPU
		{B131CEF3-89FB-4C90-ADB0-9E9C4246EB56}.Release|Any CPU.Build.0 = Release|Any CPU
		{28635027-20E5-42FA-B218-B6C878DE5350}.Debug|Any CPU.ActiveCfg = Debug|Any CPU
		{28635027-20E5-42FA-B218-B6C878DE5350}.Debug|Any CPU.Build.0 = Debug|Any CPU
		{28635027-20E5-42FA-B218-B6C878DE5350}.Release|Any CPU.ActiveCfg = Release|Any CPU
		{28635027-20E5-42FA-B218-B6C878DE5350}.Release|Any CPU.Build.0 = Release|Any CPU
		{8EF31E6C-400A-4174-8BE3-502B08FB10B5}.Debug|Any CPU.ActiveCfg = Debug|Any CPU
		{8EF31E6C-400A-4174-8BE3-502B08FB10B5}.Debug|Any CPU.Build.0 = Debug|Any CPU
		{8EF31E6C-400A-4174-8BE3-502B08FB10B5}.Release|Any CPU.ActiveCfg = Release|Any CPU
		{8EF31E6C-400A-4174-8BE3-502B08FB10B5}.Release|Any CPU.Build.0 = Release|Any CPU
		{79BB453F-D0D8-4DDF-9809-A405C56692BD}.Debug|Any CPU.ActiveCfg = Debug|Any CPU
		{79BB453F-D0D8-4DDF-9809-A405C56692BD}.Debug|Any CPU.Build.0 = Debug|Any CPU
		{79BB453F-D0D8-4DDF-9809-A405C56692BD}.Release|Any CPU.ActiveCfg = Release|Any CPU
		{79BB453F-D0D8-4DDF-9809-A405C56692BD}.Release|Any CPU.Build.0 = Release|Any CPU
	EndGlobalSection
	GlobalSection(SolutionProperties) = preSolution
		HideSolutionNode = FALSE
	EndGlobalSection
	GlobalSection(NestedProjects) = preSolution
		{3973D21B-A692-4B60-9B70-3631C057423A} = {DD5BD056-4AAE-43EF-BBD2-0B569B8DA84D}
		{E8548AD6-7FB0-439A-8EB5-549A10336D2D} = {DD5BD056-4AAE-43EF-BBD2-0B569B8DA84D}
		{58554E52-FDEC-4832-AFF9-302B01E08DCA} = {DD5BD056-4AAE-43EF-BBD2-0B569B8DA84D}
		{02BC2982-ED8D-4A6D-A41E-092B3DAEB98A} = {DD5BD056-4AAE-43EF-BBD2-0B569B8DA84D}
		{04148736-3C0B-445E-8B74-2020E7A53502} = {DD5BD056-4AAE-43EF-BBD2-0B569B8DA84D}
		{EF2164EF-1FC0-4518-A2ED-CE02D3630B00} = {DD5BD056-4AAE-43EF-BBD2-0B569B8DA84E}
		{66B0A682-658A-4A82-B606-A077A4871448} = {DD5BD056-4AAE-43EF-BBD2-0B569B8DA84E}
		{9CF59342-3912-4B45-A2BA-0F173666586D} = {DD5BD056-4AAE-43EF-BBD2-0B569B8DA84D}
		{994DD611-F266-4BD3-8072-3B1B57267ED5} = {DD5BD056-4AAE-43EF-BBD2-0B569B8DA84D}
		{B131CEF3-89FB-4C90-ADB0-9E9C4246EB56} = {DD5BD056-4AAE-43EF-BBD2-0B569B8DA84D}
		{28635027-20E5-42FA-B218-B6C878DE5350} = {DD5BD056-4AAE-43EF-BBD2-0B569B8DA84D}
		{8EF31E6C-400A-4174-8BE3-502B08FB10B5} = {DD5BD056-4AAE-43EF-BBD2-0B569B8DA84F}
		{79BB453F-D0D8-4DDF-9809-A405C56692BD} = {DD5BD056-4AAE-43EF-BBD2-0B569B8DA84D}
	EndGlobalSection
	GlobalSection(ExtensibilityGlobals) = postSolution
		SolutionGuid = {E01CBF68-2E20-425F-9EDB-E0A6510CA92F}
	EndGlobalSection
EndGlobal
