{
  "version": 1,
  "dependencies": {
    "net6.0": {
      "Serilog.AspNetCore": {
        "type": "Direct",
        "requested": "[7.0.0, )",
        "resolved": "7.0.0",
        "contentHash": "F6p6rzOmg/R0EPI/PjJXcAlhCzusW5+xFx8kbsy6mJ6/mHI6wWWPxZbsLPoAYTpMiopKFl7HZhAr//KABGHtBQ==",
        "dependencies": {
          "Microsoft.Extensions.DependencyInjection": "7.0.0",
          "Microsoft.Extensions.Logging": "7.0.0",
          "Serilog": "2.12.0",
          "Serilog.Extensions.Hosting": "7.0.0",
          "Serilog.Formatting.Compact": "1.1.0",
          "Serilog.Settings.Configuration": "7.0.0",
          "Serilog.Sinks.Console": "4.0.1",
          "Serilog.Sinks.Debug": "2.0.0",
          "Serilog.Sinks.File": "5.0.0"
        }
      },
      "Microsoft.Extensions.Configuration.Abstractions": {
        "type": "Transitive",
        "resolved": "7.0.0",
        "contentHash": "f34u2eaqIjNO9YLHBz8rozVZ+TcFiFs0F3r7nUJd7FRkVSxk8u4OpoK226mi49MwexHOR2ibP9MFvRUaLilcQQ==",
        "dependencies": {
          "Microsoft.Extensions.Primitives": "7.0.0"
        }
      },
      "Microsoft.Extensions.Configuration.Binder": {
        "type": "Transitive",
        "resolved": "7.0.0",
        "contentHash": "tgU4u7bZsoS9MKVRiotVMAwHtbREHr5/5zSEV+JPhg46+ox47Au84E3D2IacAaB0bk5ePNaNieTlPrfjbbRJkg==",
        "dependencies": {
          "Microsoft.Extensions.Configuration.Abstractions": "7.0.0"
        }
      },
      "Microsoft.Extensions.DependencyInjection": {
        "type": "Transitive",
        "resolved": "7.0.0",
        "contentHash": "elNeOmkeX3eDVG6pYVeV82p29hr+UKDaBhrZyWvWLw/EVZSYEkZlQdkp0V39k/Xehs2Qa0mvoCvkVj3eQxNQ1Q==",
        "dependencies": {
          "Microsoft.Extensions.DependencyInjection.Abstractions": "7.0.0"
        }
      },
      "Microsoft.Extensions.DependencyInjection.Abstractions": {
        "type": "Transitive",
        "resolved": "7.0.0",
        "contentHash": "h3j/QfmFN4S0w4C2A6X7arXij/M/OVw3uQHSOFxnND4DyAzO1F9eMX7Eti7lU/OkSthEE0WzRsfT/Dmx86jzCw=="
      },
      "Microsoft.Extensions.DependencyModel": {
        "type": "Transitive",
        "resolved": "7.0.0",
        "contentHash": "oONNYd71J3LzkWc4fUHl3SvMfiQMYUCo/mDHDEu76hYYxdhdrPYv6fvGv9nnKVyhE9P0h20AU8RZB5OOWQcAXg==",
        "dependencies": {
          "System.Text.Encodings.Web": "7.0.0",
          "System.Text.Json": "7.0.0"
        }
      },
      "Microsoft.Extensions.FileProviders.Abstractions": {
        "type": "Transitive",
        "resolved": "7.0.0",
        "contentHash": "NyawiW9ZT/liQb34k9YqBSNPLuuPkrjMgQZ24Y/xXX1RoiBkLUdPMaQTmxhZ5TYu8ZKZ9qayzil75JX95vGQUg==",
        "dependencies": {
          "Microsoft.Extensions.Primitives": "7.0.0"
        }
      },
      "Microsoft.Extensions.Hosting.Abstractions": {
        "type": "Transitive",
        "resolved": "7.0.0",
        "contentHash": "43n9Je09z0p/7ViPxfRqs5BUItRLNVh5b6JH40F2Agkh2NBsY/jpNYTtbCcxrHCsA3oRmbR6RJBzUutB4VZvNQ==",
        "dependencies": {
          "Microsoft.Extensions.Configuration.Abstractions": "7.0.0",
          "Microsoft.Extensions.DependencyInjection.Abstractions": "7.0.0",
          "Microsoft.Extensions.FileProviders.Abstractions": "7.0.0"
        }
      },
      "Microsoft.Extensions.Logging": {
        "type": "Transitive",
        "resolved": "7.0.0",
        "contentHash": "Nw2muoNrOG5U5qa2ZekXwudUn2BJcD41e65zwmDHb1fQegTX66UokLWZkJRpqSSHXDOWZ5V0iqhbxOEky91atA==",
        "dependencies": {
          "Microsoft.Extensions.DependencyInjection": "7.0.0",
          "Microsoft.Extensions.DependencyInjection.Abstractions": "7.0.0",
          "Microsoft.Extensions.Logging.Abstractions": "7.0.0",
          "Microsoft.Extensions.Options": "7.0.0"
        }
      },
      "Microsoft.Extensions.Logging.Abstractions": {
        "type": "Transitive",
        "resolved": "7.0.0",
        "contentHash": "kmn78+LPVMOWeITUjIlfxUPDsI0R6G0RkeAMBmQxAJ7vBJn4q2dTva7pWi65ceN5vPGjJ9q/Uae2WKgvfktJAw=="
      },
      "Microsoft.Extensions.Options": {
        "type": "Transitive",
        "resolved": "7.0.0",
        "contentHash": "lP1yBnTTU42cKpMozuafbvNtQ7QcBjr/CcK3bYOGEMH55Fjt+iecXjT6chR7vbgCMqy3PG3aNQSZgo/EuY/9qQ==",
        "dependencies": {
          "Microsoft.Extensions.DependencyInjection.Abstractions": "7.0.0",
          "Microsoft.Extensions.Primitives": "7.0.0"
        }
      },
      "Microsoft.Extensions.Primitives": {
        "type": "Transitive",
        "resolved": "7.0.0",
        "contentHash": "um1KU5kxcRp3CNuI8o/GrZtD4AIOXDk+RLsytjZ9QPok3ttLUelLKpilVPuaFT3TFjOhSibUAso0odbOaCDj3Q==",
        "dependencies": {
          "System.Runtime.CompilerServices.Unsafe": "6.0.0"
        }
      },
      "Serilog": {
        "type": "Transitive",
        "resolved": "2.12.0",
        "contentHash": "xaiJLIdu6rYMKfQMYUZgTy8YK7SMZjB4Yk50C/u//Z4OsvxkUfSPJy4nknfvwAC34yr13q7kcyh4grbwhSxyZg=="
      },
      "Serilog.Extensions.Hosting": {
        "type": "Transitive",
        "resolved": "7.0.0",
        "contentHash": "AWsDTs6TeCtyXYDWakzLXCOZA3/IdIfBWBwkYAF0ZvVktVr3E15oYP9pfI7GzKaGVmHaJF9TgFQnFEfcnzEkcw==",
        "dependencies": {
          "Microsoft.Extensions.DependencyInjection.Abstractions": "7.0.0",
          "Microsoft.Extensions.Hosting.Abstractions": "7.0.0",
          "Microsoft.Extensions.Logging.Abstractions": "7.0.0",
          "Serilog": "2.12.0",
          "Serilog.Extensions.Logging": "7.0.0"
        }
      },
      "Serilog.Extensions.Logging": {
        "type": "Transitive",
        "resolved": "7.0.0",
        "contentHash": "9faU0zNQqU7I6soVhLUMYaGNpgWv6cKlKb2S5AnS8gXxzW/em5Ladm/6FMrWTnX41cdbdGPOWNAo6adi4WaJ6A==",
        "dependencies": {
          "Microsoft.Extensions.Logging": "7.0.0",
          "Serilog": "2.12.0"
        }
      },
      "Serilog.Formatting.Compact": {
        "type": "Transitive",
        "resolved": "1.1.0",
        "contentHash": "pNroKVjo+rDqlxNG5PXkRLpfSCuDOBY0ri6jp9PLe505ljqwhwZz8ospy2vWhQlFu5GkIesh3FcDs4n7sWZODA==",
        "dependencies": {
          "Serilog": "2.8.0"
        }
      },
      "Serilog.Settings.Configuration": {
        "type": "Transitive",
        "resolved": "7.0.0",
        "contentHash": "MlabSn74uXAGKNv9WWDdGejmsr7cKhsfi98ZtdeK119s4lTLp+hakBtnPm8OvXNUvtXYs2ijXKA0tIy4IMnjWQ==",
        "dependencies": {
          "Microsoft.Extensions.Configuration.Binder": "7.0.0",
          "Microsoft.Extensions.DependencyModel": "7.0.0",
          "Serilog": "2.12.0"
        }
      },
      "Serilog.Sinks.Console": {
        "type": "Transitive",
        "resolved": "4.0.1",
        "contentHash": "apLOvSJQLlIbKlbx+Y2UDHSP05kJsV7mou+fvJoRGs/iR+jC22r8cuFVMjjfVxz/AD4B2UCltFhE1naRLXwKNw==",
        "dependencies": {
          "Serilog": "2.10.0"
        }
      },
      "Serilog.Sinks.Debug": {
        "type": "Transitive",
        "resolved": "2.0.0",
        "contentHash": "Y6g3OBJ4JzTyyw16fDqtFcQ41qQAydnEvEqmXjhwhgjsnG/FaJ8GUqF5ldsC/bVkK8KYmqrPhDO+tm4dF6xx4A==",
        "dependencies": {
          "Serilog": "2.10.0"
        }
      },
      "Serilog.Sinks.File": {
        "type": "Transitive",
        "resolved": "5.0.0",
        "contentHash": "uwV5hdhWPwUH1szhO8PJpFiahqXmzPzJT/sOijH/kFgUx+cyoDTMM8MHD0adw9+Iem6itoibbUXHYslzXsLEAg==",
        "dependencies": {
          "Serilog": "2.10.0"
        }
      },
      "System.Runtime.CompilerServices.Unsafe": {
        "type": "Transitive",
        "resolved": "6.0.0",
        "contentHash": "/iUeP3tq1S0XdNNoMz5C9twLSrM/TH+qElHkXWaPvuNOt+99G75NrV0OS2EqHx5wMN7popYjpc8oTjC1y16DLg=="
      },
      "System.Text.Encodings.Web": {
        "type": "Transitive",
        "resolved": "7.0.0",
        "contentHash": "OP6umVGxc0Z0MvZQBVigj4/U31Pw72ITihDWP9WiWDm+q5aoe0GaJivsfYGq53o6dxH7DcXWiCTl7+0o2CGdmg==",
        "dependencies": {
          "System.Runtime.CompilerServices.Unsafe": "6.0.0"
        }
      },
      "System.Text.Json": {
        "type": "Transitive",
        "resolved": "7.0.0",
        "contentHash": "DaGSsVqKsn/ia6RG8frjwmJonfos0srquhw09TlT8KRw5I43E+4gs+/bZj4K0vShJ5H9imCuXupb4RmS+dBy3w==",
        "dependencies": {
          "System.Runtime.CompilerServices.Unsafe": "6.0.0",
          "System.Text.Encodings.Web": "7.0.0"
        }
      }
    }
  }
}