{
  "version": 1,
  "dependencies": {
    "net10.0": {
      "Microsoft.AspNetCore.Mvc.Testing": {
        "type": "Direct",
        "requested": "[10.0.3, 10.0.3]",
        "resolved": "10.0.3",
        "contentHash": "X5/O3EM4W5IgwaIsTsUgX0mg9dJMN75F6sboZKaYVi46l7M1u8o7eC5ZqlQo1+y7Ertq+XWaSzcv9W8kArTsbQ==",
        "dependencies": {
          "Microsoft.AspNetCore.TestHost": "10.0.3",
          "Microsoft.Extensions.DependencyModel": "10.0.3",
          "Microsoft.Extensions.Hosting": "10.0.3"
        }
      },
      "Microsoft.NET.Test.Sdk": {
        "type": "Direct",
        "requested": "[18.5.1, 18.5.1]",
        "resolved": "18.5.1",
        "contentHash": "SfqVaLiIqAbRWuPg5BP4QFwBIirQj/YIL8Dhxl6zntBKbXp0cQykoV480SmwG+yRMiWptxEI6NbHQuGSZ8b97w==",
        "dependencies": {
          "Microsoft.CodeCoverage": "18.5.1",
          "Microsoft.TestPlatform.TestHost": "18.5.1"
        }
      },
      "xunit.runner.visualstudio": {
        "type": "Direct",
        "requested": "[3.1.4, 3.1.4]",
        "resolved": "3.1.4",
        "contentHash": "5mj99LvCqrq3CNi06xYdyIAXOEh+5b33F2nErCzI5zWiDdLHXiPXEWFSUAF8zlIv0ZWqjZNCwHTQeAPYbF3pCg=="
      },
      "xunit.v3": {
        "type": "Direct",
        "requested": "[3.0.1, 3.0.1]",
        "resolved": "3.0.1",
        "contentHash": "8AZKk/iiZAzRhNNq8yB8gcNpA+exGMGi3oodWnn0eI7vCwuuuAxnF6ANQC+q7z6FJoOyjiJnnBhS5YMoPPILjg==",
        "dependencies": {
          "xunit.analyzers": "1.24.0",
          "xunit.v3.assert": "[3.0.1]",
          "xunit.v3.core": "[3.0.1]"
        }
      },
      "Microsoft.AspNetCore.TestHost": {
        "type": "Transitive",
        "resolved": "10.0.3",
        "contentHash": "yFTm1tyLkaxmap7egZcOoCxIDviDLbiLraIFz0e4BMHUkXLnpOpPhW66rAGFuUeahmY5JPJdaUTqyCJZMy+05Q=="
      },
      "Microsoft.Bcl.AsyncInterfaces": {
        "type": "Transitive",
        "resolved": "6.0.0",
        "contentHash": "UcSjPsst+DfAdJGVDsu346FX0ci0ah+lw3WRtn18NUwEqRt70HaOQ7lI72vy3+1LxtqI3T5GWwV39rQSrCzAeg=="
      },
      "Microsoft.CodeCoverage": {
        "type": "Transitive",
        "resolved": "18.5.1",
        "contentHash": "vMFDR1ZjqzzgKmM0zrPie7Gv9Y+ZppjODB5Quzu9Eq0TlIusUfUCYFPEawO91zQuqwzvdFbJSU7WHNtjStffJQ=="
      },
      "Microsoft.Extensions.Configuration": {
        "type": "Transitive",
        "resolved": "10.0.3",
        "contentHash": "H1Cjv2xmm7O3iAGmFTcnSM0ZhLQ/7SqefmAvSJoT1PbXoxeYc2fo0mCLn2JlVbr9E6YpoU9q/o0fI9neDJB0xQ==",
        "dependencies": {
          "Microsoft.Extensions.Configuration.Abstractions": "10.0.3",
          "Microsoft.Extensions.Primitives": "10.0.3"
        }
      },
      "Microsoft.Extensions.Configuration.Abstractions": {
        "type": "Transitive",
        "resolved": "10.0.3",
        "contentHash": "xVDHL0+SIgemfh95fTO9cGLe17TWv/ZP0n7m01z8X6pzt2DmQpucioWR/mYZA1sRlkWnkXzfl0JweLNWmE9WMg==",
        "dependencies": {
          "Microsoft.Extensions.Primitives": "10.0.3"
        }
      },
      "Microsoft.Extensions.Configuration.Binder": {
        "type": "Transitive",
        "resolved": "10.0.3",
        "contentHash": "759UhpKaR5Jsll9kXpkft4z/7tpeF7Dw2rTY/9f9JchaSQTpRFNIPkZFZvoo7fFpbjUaqtDlO5aiGpmQrp/EUA==",
        "dependencies": {
          "Microsoft.Extensions.Configuration": "10.0.3",
          "Microsoft.Extensions.Configuration.Abstractions": "10.0.3"
        }
      },
      "Microsoft.Extensions.Configuration.CommandLine": {
        "type": "Transitive",
        "resolved": "10.0.3",
        "contentHash": "qVytXuCHQCIJcOsJJnp+1mNCAtiWuLqI0qhCcByFuyxDifthefEWX3fVAXbaxn1lDP2iR1KH44Oq7tvmT7dBHg==",
        "dependencies": {
          "Microsoft.Extensions.Configuration": "10.0.3",
          "Microsoft.Extensions.Configuration.Abstractions": "10.0.3"
        }
      },
      "Microsoft.Extensions.Configuration.EnvironmentVariables": {
        "type": "Transitive",
        "resolved": "10.0.3",
        "contentHash": "jBm6bpc5OM2VHM/QYVUyD78xweFzble6UsIt7GUnQAwCm07hktFaUBtRfO7viLGg5qPbc4ByteNB7DeVAYNSfA==",
        "dependencies": {
          "Microsoft.Extensions.Configuration": "10.0.3",
          "Microsoft.Extensions.Configuration.Abstractions": "10.0.3"
        }
      },
      "Microsoft.Extensions.Configuration.FileExtensions": {
        "type": "Transitive",
        "resolved": "10.0.3",
        "contentHash": "/MLsBbLpwDxsU+7DDNwasf2mKrpMSOWEL377gNZTy5waFkCYvS3GVaLIz6bvikH4rAwHrCOxHw0t/5iCoImYCA==",
        "dependencies": {
          "Microsoft.Extensions.Configuration": "10.0.3",
          "Microsoft.Extensions.Configuration.Abstractions": "10.0.3",
          "Microsoft.Extensions.FileProviders.Abstractions": "10.0.3",
          "Microsoft.Extensions.FileProviders.Physical": "10.0.3",
          "Microsoft.Extensions.Primitives": "10.0.3"
        }
      },
      "Microsoft.Extensions.Configuration.Json": {
        "type": "Transitive",
        "resolved": "10.0.3",
        "contentHash": "mGGMOA9nkET8OVsQfS41o66eWkckBzNHJK6+5VbLQ2YdyqKphcv27uDZxLf4exSl+5QxLnHkN+W/4qEDgyvCPA==",
        "dependencies": {
          "Microsoft.Extensions.Configuration": "10.0.3",
          "Microsoft.Extensions.Configuration.Abstractions": "10.0.3",
          "Microsoft.Extensions.Configuration.FileExtensions": "10.0.3",
          "Microsoft.Extensions.FileProviders.Abstractions": "10.0.3"
        }
      },
      "Microsoft.Extensions.Configuration.UserSecrets": {
        "type": "Transitive",
        "resolved": "10.0.3",
        "contentHash": "f6FiscfqlLrNUR2x7XcMqMGz5ZFRwTvezZuebIn4v2ste0nL/sEZ7pdveDXqDyonVv/QTKT8vvIEqTQCczzsOg==",
        "dependencies": {
          "Microsoft.Extensions.Configuration.Abstractions": "10.0.3",
          "Microsoft.Extensions.Configuration.Json": "10.0.3",
          "Microsoft.Extensions.FileProviders.Abstractions": "10.0.3",
          "Microsoft.Extensions.FileProviders.Physical": "10.0.3"
        }
      },
      "Microsoft.Extensions.DependencyInjection": {
        "type": "Transitive",
        "resolved": "10.0.3",
        "contentHash": "2DLOmC0EkB2smVK8lPP1PIKEgL1arE3CMp9XSIQB/Y7ev5nnnyuM/PizKJ6QfLD08QCYoopSC9SFdbYglDomYg==",
        "dependencies": {
          "Microsoft.Extensions.DependencyInjection.Abstractions": "10.0.3"
        }
      },
      "Microsoft.Extensions.DependencyInjection.Abstractions": {
        "type": "Transitive",
        "resolved": "10.0.3",
        "contentHash": "bwGMrRcAMWx2s/RDgja97p27rxSz2pEQW0+rX5cWAUWVETVJ/eyxGfjAl8vuG5a+lckWmPIE+vcuaZNVB5YDdw=="
      },
      "Microsoft.Extensions.DependencyModel": {
        "type": "Transitive",
        "resolved": "10.0.3",
        "contentHash": "31kRjr1fgdJO1UZ/AsjL2noqwht+juHMQ8c/oh8CEsDhlM2+0zwVZVsZjxSfOFiPtn5+6kRGuvSbLAufAPT0kA=="
      },
      "Microsoft.Extensions.Diagnostics": {
        "type": "Transitive",
        "resolved": "10.0.3",
        "contentHash": "tc0R6i2T+138taoxFPQXb7Sy/4rtq4ytoJrAt4fNGs6k89mHpEhZnXUNgaFKwwb5Ud5rIUeLC6tfpsuHNwiWqg==",
        "dependencies": {
          "Microsoft.Extensions.Configuration": "10.0.3",
          "Microsoft.Extensions.Diagnostics.Abstractions": "10.0.3",
          "Microsoft.Extensions.Options.ConfigurationExtensions": "10.0.3"
        }
      },
      "Microsoft.Extensions.Diagnostics.Abstractions": {
        "type": "Transitive",
        "resolved": "10.0.3",
        "contentHash": "mQiTzAj7PIJ2A9YXR5QhgulS1fTWhmQc3ckd1Mrf3hKW07d03fBDqx8vVaFw+cRTebDOeB6pNqdWdnRxsi1hBA==",
        "dependencies": {
          "Microsoft.Extensions.DependencyInjection.Abstractions": "10.0.3",
          "Microsoft.Extensions.Options": "10.0.3"
        }
      },
      "Microsoft.Extensions.FileProviders.Abstractions": {
        "type": "Transitive",
        "resolved": "10.0.3",
        "contentHash": "4TD9AXDRsipTmaemwnjt/DM5Ri0de2JzHQhvZ4woBTjUtL4XrPNsMrOk5oiLJAx1gTrE6pOIhxv+lEde5F6CZA==",
        "dependencies": {
          "Microsoft.Extensions.Primitives": "10.0.3"
        }
      },
      "Microsoft.Extensions.FileProviders.Physical": {
        "type": "Transitive",
        "resolved": "10.0.3",
        "contentHash": "8qLl5LXtcj6Z8yPbHAA/a57fvvl9nUCdi59AJFuixcWM4wSuENZ8jjoRATOKs/I4vOi/bDe0d5LqGSSLE634eA==",
        "dependencies": {
          "Microsoft.Extensions.FileProviders.Abstractions": "10.0.3",
          "Microsoft.Extensions.FileSystemGlobbing": "10.0.3",
          "Microsoft.Extensions.Primitives": "10.0.3"
        }
      },
      "Microsoft.Extensions.FileSystemGlobbing": {
        "type": "Transitive",
        "resolved": "10.0.3",
        "contentHash": "oM7pl8uJz8WRPRlh4AGQS61aeV9GOfTu89yqTiRSYyyMuCNVkbNra9zEk7ApyJ/sZrUpbjOZCRHuitCEsTWghg=="
      },
      "Microsoft.Extensions.Hosting": {
        "type": "Transitive",
        "resolved": "10.0.3",
        "contentHash": "ssbRCALcbBXfQPXLr4bZ3FVlbnDzeR0F6hPKDUCZLPQul7oBeSGaJq+XLUjwYaptOs4TN5cSy1q6LVLPWFgjKQ==",
        "dependencies": {
          "Microsoft.Extensions.Configuration": "10.0.3",
          "Microsoft.Extensions.Configuration.Abstractions": "10.0.3",
          "Microsoft.Extensions.Configuration.Binder": "10.0.3",
          "Microsoft.Extensions.Configuration.CommandLine": "10.0.3",
          "Microsoft.Extensions.Configuration.EnvironmentVariables": "10.0.3",
          "Microsoft.Extensions.Configuration.FileExtensions": "10.0.3",
          "Microsoft.Extensions.Configuration.Json": "10.0.3",
          "Microsoft.Extensions.Configuration.UserSecrets": "10.0.3",
          "Microsoft.Extensions.DependencyInjection": "10.0.3",
          "Microsoft.Extensions.DependencyInjection.Abstractions": "10.0.3",
          "Microsoft.Extensions.Diagnostics": "10.0.3",
          "Microsoft.Extensions.FileProviders.Abstractions": "10.0.3",
          "Microsoft.Extensions.FileProviders.Physical": "10.0.3",
          "Microsoft.Extensions.Hosting.Abstractions": "10.0.3",
          "Microsoft.Extensions.Logging": "10.0.3",
          "Microsoft.Extensions.Logging.Abstractions": "10.0.3",
          "Microsoft.Extensions.Logging.Configuration": "10.0.3",
          "Microsoft.Extensions.Logging.Console": "10.0.3",
          "Microsoft.Extensions.Logging.Debug": "10.0.3",
          "Microsoft.Extensions.Logging.EventLog": "10.0.3",
          "Microsoft.Extensions.Logging.EventSource": "10.0.3",
          "Microsoft.Extensions.Options": "10.0.3"
        }
      },
      "Microsoft.Extensions.Hosting.Abstractions": {
        "type": "Transitive",
        "resolved": "10.0.3",
        "contentHash": "GdMpC10Jf6poxSvUJ4lgYpJ5F/kJeaAoJmrPufjBoPYyCTKKY5Dyl0rZA+LBNvFqTq1cZa/lhlptlUhNvU6xrg==",
        "dependencies": {
          "Microsoft.Extensions.Configuration.Abstractions": "10.0.3",
          "Microsoft.Extensions.DependencyInjection.Abstractions": "10.0.3",
          "Microsoft.Extensions.Diagnostics.Abstractions": "10.0.3",
          "Microsoft.Extensions.FileProviders.Abstractions": "10.0.3",
          "Microsoft.Extensions.Logging.Abstractions": "10.0.3"
        }
      },
      "Microsoft.Extensions.Logging": {
        "type": "Transitive",
        "resolved": "10.0.3",
        "contentHash": "8D9Er1cGXNjNDIB+VLBNHn386L5ls2FoiG9a6o12gyn+GG3w6jdfUhzT8dtBnKcevE7/fsVA8MS3FBgFfClFtQ==",
        "dependencies": {
          "Microsoft.Extensions.DependencyInjection": "10.0.3",
          "Microsoft.Extensions.Logging.Abstractions": "10.0.3",
          "Microsoft.Extensions.Options": "10.0.3"
        }
      },
      "Microsoft.Extensions.Logging.Abstractions": {
        "type": "Transitive",
        "resolved": "10.0.3",
        "contentHash": "lxl0WLk7ROgBFAsjcOYjQ8/DVK+VMszxGBzUhgtQmAsTNldLL5pk9NG/cWTsXHq0lUhUEAtZkEE7jOGOA8bGKQ==",
        "dependencies": {
          "Microsoft.Extensions.DependencyInjection.Abstractions": "10.0.3"
        }
      },
      "Microsoft.Extensions.Logging.Configuration": {
        "type": "Transitive",
        "resolved": "10.0.3",
        "contentHash": "PBlaoYeusaxNYyN4WFjzcXWlUDSvLUPxy/e6oP1SONOOYA/oBWT2uBmFGJMV9VTtXiXXxCB39LqlYWbsWE4UKA==",
        "dependencies": {
          "Microsoft.Extensions.Configuration": "10.0.3",
          "Microsoft.Extensions.Configuration.Abstractions": "10.0.3",
          "Microsoft.Extensions.Configuration.Binder": "10.0.3",
          "Microsoft.Extensions.DependencyInjection.Abstractions": "10.0.3",
          "Microsoft.Extensions.Logging": "10.0.3",
          "Microsoft.Extensions.Logging.Abstractions": "10.0.3",
          "Microsoft.Extensions.Options": "10.0.3",
          "Microsoft.Extensions.Options.ConfigurationExtensions": "10.0.3"
        }
      },
      "Microsoft.Extensions.Logging.Console": {
        "type": "Transitive",
        "resolved": "10.0.3",
        "contentHash": "7sRvbBH3icaV9qil8fyBKmR+yEZ0yDU6Bq/KgBwswS36164yGaxbf7Kd4hD1iHZ2GfvyoJWWqBUBm9QX/IASAQ==",
        "dependencies": {
          "Microsoft.Extensions.DependencyInjection.Abstractions": "10.0.3",
          "Microsoft.Extensions.Logging": "10.0.3",
          "Microsoft.Extensions.Logging.Abstractions": "10.0.3",
          "Microsoft.Extensions.Logging.Configuration": "10.0.3",
          "Microsoft.Extensions.Options": "10.0.3"
        }
      },
      "Microsoft.Extensions.Logging.Debug": {
        "type": "Transitive",
        "resolved": "10.0.3",
        "contentHash": "OoH8AcYCq74ab5XUIQc84CZk54G/cU+JztiMXgNKGkomJOeuistTMg0PWPC4VXXMSVBEGWJuMDEBttOrHyXe8w==",
        "dependencies": {
          "Microsoft.Extensions.DependencyInjection.Abstractions": "10.0.3",
          "Microsoft.Extensions.Logging": "10.0.3",
          "Microsoft.Extensions.Logging.Abstractions": "10.0.3"
        }
      },
      "Microsoft.Extensions.Logging.EventLog": {
        "type": "Transitive",
        "resolved": "10.0.3",
        "contentHash": "1V1oRR+0DKyetPKI4POn7+jXH4kI1D69R/Rjje/4/BSkTM2iUCsRkr7Q0gDyXayhCXgPEf/P19kgwN5t0s/p8w==",
        "dependencies": {
          "Microsoft.Extensions.DependencyInjection.Abstractions": "10.0.3",
          "Microsoft.Extensions.Logging": "10.0.3",
          "Microsoft.Extensions.Logging.Abstractions": "10.0.3",
          "Microsoft.Extensions.Options": "10.0.3",
          "System.Diagnostics.EventLog": "10.0.3"
        }
      },
      "Microsoft.Extensions.Logging.EventSource": {
        "type": "Transitive",
        "resolved": "10.0.3",
        "contentHash": "r2hIVkSrb+f8FqcguHqlzyQ8lNGCtWsOPY9+OzJinrqdzQfszS8fXkHVcNHW4uK6WFxI2tPSiGdms2SeRJq8hg==",
        "dependencies": {
          "Microsoft.Extensions.DependencyInjection.Abstractions": "10.0.3",
          "Microsoft.Extensions.Logging": "10.0.3",
          "Microsoft.Extensions.Logging.Abstractions": "10.0.3",
          "Microsoft.Extensions.Options": "10.0.3",
          "Microsoft.Extensions.Primitives": "10.0.3"
        }
      },
      "Microsoft.Extensions.Options": {
        "type": "Transitive",
        "resolved": "10.0.3",
        "contentHash": "hU6WzGTPvPoLA2ng1ILvWQb3g0qORdlHNsxI8IcPLumJb3suimYUl+bbDzdo1V4KFsvVhnMWzysHpKbZaoDQPQ==",
        "dependencies": {
          "Microsoft.Extensions.DependencyInjection.Abstractions": "10.0.3",
          "Microsoft.Extensions.Primitives": "10.0.3"
        }
      },
      "Microsoft.Extensions.Options.ConfigurationExtensions": {
        "type": "Transitive",
        "resolved": "10.0.3",
        "contentHash": "bn6QoBbbvwmzLIFyxrnL2/e+sqoNUOGbHyfWK9DPONMv1mDCYHm/C7MusYASM31b2lUx6OiDmonb3v+dv5t0nA==",
        "dependencies": {
          "Microsoft.Extensions.Configuration.Abstractions": "10.0.3",
          "Microsoft.Extensions.Configuration.Binder": "10.0.3",
          "Microsoft.Extensions.DependencyInjection.Abstractions": "10.0.3",
          "Microsoft.Extensions.Options": "10.0.3",
          "Microsoft.Extensions.Primitives": "10.0.3"
        }
      },
      "Microsoft.Extensions.Primitives": {
        "type": "Transitive",
        "resolved": "10.0.3",
        "contentHash": "GEcpTwo7sUoLGGNTqV1FZEuL+tTD9m81NX/mh099dqGNna07/UGZShKQNZRw4hv6nlliSUwYQgSYc7OR99Jufg=="
      },
      "Microsoft.Testing.Extensions.TrxReport.Abstractions": {
        "type": "Transitive",
        "resolved": "1.8.2",
        "contentHash": "QPaJgSfN0APwB6OtJO9jOGETv62d94fsDwLKh+Yu6vAFIP8wfml2CFLzaOlBIkbYFb8kG0s0Bd/VPLQrhCL3lg==",
        "dependencies": {
          "Microsoft.Testing.Platform": "1.8.2"
        }
      },
      "Microsoft.Testing.Platform": {
        "type": "Transitive",
        "resolved": "1.8.2",
        "contentHash": "KTr/LYPhgT3IEzElGEEHldNJec0QMTouDhtwDmW+PAPAEzSKJQHtPaNA3pf0IL7ISmoKtuxxHV2v1Cq9xmelzQ=="
      },
      "Microsoft.Testing.Platform.MSBuild": {
        "type": "Transitive",
        "resolved": "1.8.2",
        "contentHash": "xL7h/wZR6NpzZrFqUMwE6Sa9i7jEPmxPHl11EG9iG1Szh3IHvhJkbmlKG74pm9YLnEysjVYFuA+ExBHxqQp8fg==",
        "dependencies": {
          "Microsoft.Testing.Platform": "1.8.2"
        }
      },
      "Microsoft.TestPlatform.ObjectModel": {
        "type": "Transitive",
        "resolved": "18.5.1",
        "contentHash": "KNZd+M0S0rz5eNAln0pbZX+A/RbokYZCbGKx4fN4CkhtWhkz6nSJDO+9LGYjRE4d0WPVriJ2JnVubkjt3+PpMg=="
      },
      "Microsoft.TestPlatform.TestHost": {
        "type": "Transitive",
        "resolved": "18.5.1",
        "contentHash": "RM+3JNHEoHOCFXzVntUcIiYxzPjzBN0N8wto6HYXi76YyBTZ/3CeRL8U+Pk5zx3AUrOmHxDvKJwGUCdElU9bJg==",
        "dependencies": {
          "Microsoft.TestPlatform.ObjectModel": "18.5.1",
          "Newtonsoft.Json": "13.0.3"
        }
      },
      "Microsoft.Win32.Registry": {
        "type": "Transitive",
        "resolved": "5.0.0",
        "contentHash": "dDoKi0PnDz31yAyETfRntsLArTlVAVzUzCIvvEDsDsucrl33Dl8pIJG06ePTJTI3tGpeyHS9Cq7Foc/s4EeKcg=="
      },
      "Newtonsoft.Json": {
        "type": "Transitive",
        "resolved": "13.0.3",
        "contentHash": "HrC5BXdl00IP9zeV+0Z848QWPAoCr9P3bDEZguI+gkLcBKAOxix/tLEAAHC+UvDNPv4a2d18lOReHMOagPa+zQ=="
      },
      "System.Diagnostics.EventLog": {
        "type": "Transitive",
        "resolved": "10.0.3",
        "contentHash": "+bZnyzt0/vt4g3QSllhsRNGTpa09p7Juy5K8spcK73cOTOefu4+HoY89hZOgIOmzB5A4hqPyEDKnzra7KKnhZw=="
      },
      "xunit.analyzers": {
        "type": "Transitive",
        "resolved": "1.24.0",
        "contentHash": "kxaoMFFZcQ+mJudaKKlt3gCqV6M6Gjbka0NEs8JFDrxn52O7w5OOnYfSYVfqusk8p7pxrGdjgaQHlGINsNZHAQ=="
      },
      "xunit.v3.assert": {
        "type": "Transitive",
        "resolved": "3.0.1",
        "contentHash": "3h6AbEcfEsFn9RLjlG5yCTqEjgDHwMXRkNEhpGjAWMM68uHKWeItPbqzWj8P260gDT9NxPFfZRf3huYNnOlLRA=="
      },
      "xunit.v3.common": {
        "type": "Transitive",
        "resolved": "3.0.1",
        "contentHash": "tL/lcgOHhPw4eb7Vx2WM97JFxW1WM9E0XNTra8UFQWdO9xtR7IXhVIZ6V4uXz5aApZ1FvdrrklImh+xneyrXmw==",
        "dependencies": {
          "Microsoft.Bcl.AsyncInterfaces": "6.0.0"
        }
      },
      "xunit.v3.core": {
        "type": "Transitive",
        "resolved": "3.0.1",
        "contentHash": "Gm6+sQi0LDIqEaWeB2ML0Hy9maYyr3JmptEylXcWpDn3MaUAcxkshZa1Jq60YrqHGG1gVoyCBHYJRd2pEjRs2A==",
        "dependencies": {
          "Microsoft.Testing.Platform.MSBuild": "1.8.2",
          "xunit.v3.extensibility.core": "[3.0.1]",
          "xunit.v3.runner.inproc.console": "[3.0.1]"
        }
      },
      "xunit.v3.extensibility.core": {
        "type": "Transitive",
        "resolved": "3.0.1",
        "contentHash": "rud2rEHLGkPGeKc+O9OiUVWhLh8enjHYrlMlSgPfGQmUaLzGDoT7IjJcbyyDFJm8jEbWC2iOe6evqyw0ZfZWcA==",
        "dependencies": {
          "xunit.v3.common": "[3.0.1]"
        }
      },
      "xunit.v3.runner.common": {
        "type": "Transitive",
        "resolved": "3.0.1",
        "contentHash": "r3jg64kY+8rGwG4IBq1+ELDlXvolcgvf707+Un8AeC6tmVsymOt6H00Kiptf3iPqjsnE3WsFJROI5XowdrbmAQ==",
        "dependencies": {
          "Microsoft.Win32.Registry": "[5.0.0]",
          "xunit.v3.common": "[3.0.1]"
        }
      },
      "xunit.v3.runner.inproc.console": {
        "type": "Transitive",
        "resolved": "3.0.1",
        "contentHash": "eV9DTPLuMmzQwMTPAkSHijBQUVLu6IoA1+/PkmtMFbU+EqA0EDriZ266EhlRBk7v+ymP8hliSQW/bGXJQEOBFw==",
        "dependencies": {
          "Microsoft.Testing.Extensions.TrxReport.Abstractions": "1.8.2",
          "Microsoft.Testing.Platform": "1.8.2",
          "xunit.v3.extensibility.core": "[3.0.1]",
          "xunit.v3.runner.common": "[3.0.1]"
        }
      },
      "server": {
        "type": "Project"
      }
    }
  }
}