{
  "version": 1,
  "dependencies": {
    "net10.0": {
      "AutoFixture.Xunit2": {
        "type": "Direct",
        "requested": "[4.18.1, )",
        "resolved": "4.18.1",
        "contentHash": "I5Cwv1bvWb0lf2x2zO42bBQ2WaGudBh7tVBCzKIf8KmRJG+hmYY7ku3znnFZDVxbQaihNaqNkztLTwK4PwaoWg==",
        "dependencies": {
          "AutoFixture": "4.18.1",
          "xunit.extensibility.core": "[2.2.0, 3.0.0)"
        }
      },
      "coverlet.collector": {
        "type": "Direct",
        "requested": "[6.0.0, )",
        "resolved": "6.0.0",
        "contentHash": "tW3lsNS+dAEII6YGUX/VMoJjBS1QvsxqJeqLaJXub08y1FSjasFPtQ4UBUsudE9PNrzLjooClMsPtY2cZLdXpQ=="
      },
      "Microsoft.NET.Test.Sdk": {
        "type": "Direct",
        "requested": "[18.0.1, )",
        "resolved": "18.0.1",
        "contentHash": "WNpu6vI2rA0pXY4r7NKxCN16XRWl5uHu6qjuyVLoDo6oYEggIQefrMjkRuibQHm/NslIUNCcKftvoWAN80MSAg==",
        "dependencies": {
          "Microsoft.CodeCoverage": "18.0.1",
          "Microsoft.TestPlatform.TestHost": "18.0.1"
        }
      },
      "NSubstitute": {
        "type": "Direct",
        "requested": "[5.1.0, )",
        "resolved": "5.1.0",
        "contentHash": "ZCqOP3Kpp2ea7QcLyjMU4wzE+0wmrMN35PQMsdPOHYc2IrvjmusG9hICOiqiOTPKN0gJon6wyCn6ZuGHdNs9hQ==",
        "dependencies": {
          "Castle.Core": "5.1.1"
        }
      },
      "xunit": {
        "type": "Direct",
        "requested": "[2.6.6, )",
        "resolved": "2.6.6",
        "contentHash": "MAbOOMtZIKyn2lrAmMlvhX0BhDOX/smyrTB+8WTXnSKkrmTGBS2fm8g1PZtHBPj91Dc5DJA7fY+/81TJ/yUFZw==",
        "dependencies": {
          "xunit.analyzers": "1.10.0",
          "xunit.assert": "2.6.6",
          "xunit.core": "[2.6.6]"
        }
      },
      "xunit.runner.visualstudio": {
        "type": "Direct",
        "requested": "[2.5.6, )",
        "resolved": "2.5.6",
        "contentHash": "CW6uhMXNaQQNMSG1IWhHkBT+V5eqHqn7MP0zfNMhU9wS/sgKX7FGL3rzoaUgt26wkY3bpf7pDVw3IjXhwfiP4w=="
      },
      "AutoFixture": {
        "type": "Transitive",
        "resolved": "4.18.1",
        "contentHash": "BmWZDY4fkrYOyd5/CTBOeXbzsNwV8kI4kDi/Ty1Y5F+WDHBVKxzfWlBE4RSicvZ+EOi2XDaN5uwdrHsItLW6Kw==",
        "dependencies": {
          "Fare": "[2.1.1, 3.0.0)"
        }
      },
      "Castle.Core": {
        "type": "Transitive",
        "resolved": "5.1.1",
        "contentHash": "rpYtIczkzGpf+EkZgDr9CClTdemhsrwA/W5hMoPjLkRFnXzH44zDLoovXeKtmxb1ykXK9aJVODSpiJml8CTw2g==",
        "dependencies": {
          "System.Diagnostics.EventLog": "6.0.0"
        }
      },
      "Fare": {
        "type": "Transitive",
        "resolved": "2.1.1",
        "contentHash": "HaI8puqA66YU7/9cK4Sgbs1taUTP1Ssa4QT2PIzqJ7GvAbN1QgkjbRsjH+FSbMh1MJdvS0CIwQNLtFT+KF6KpA==",
        "dependencies": {
          "NETStandard.Library": "1.6.1"
        }
      },
      "Microsoft.CodeCoverage": {
        "type": "Transitive",
        "resolved": "18.0.1",
        "contentHash": "O+utSr97NAJowIQT/OVp3Lh9QgW/wALVTP4RG1m2AfFP4IyJmJz0ZBmFJUsRQiAPgq6IRC0t8AAzsiPIsaUDEA=="
      },
      "Microsoft.NETCore.Platforms": {
        "type": "Transitive",
        "resolved": "1.1.0",
        "contentHash": "kz0PEW2lhqygehI/d6XsPCQzD7ff7gUJaVGPVETX611eadGsA3A877GdSlU0LRVMCTH/+P3o2iDTak+S08V2+A=="
      },
      "Microsoft.TestPlatform.ObjectModel": {
        "type": "Transitive",
        "resolved": "18.0.1",
        "contentHash": "qT/mwMcLF9BieRkzOBPL2qCopl8hQu6A1P7JWAoj/FMu5i9vds/7cjbJ/LLtaiwWevWLAeD5v5wjQJ/l6jvhWQ=="
      },
      "Microsoft.TestPlatform.TestHost": {
        "type": "Transitive",
        "resolved": "18.0.1",
        "contentHash": "uDJKAEjFTaa2wHdWlfo6ektyoh+WD4/Eesrwb4FpBFKsLGehhACVnwwTI4qD3FrIlIEPlxdXg3SyrYRIcO+RRQ==",
        "dependencies": {
          "Microsoft.TestPlatform.ObjectModel": "18.0.1",
          "Newtonsoft.Json": "13.0.3"
        }
      },
      "NETStandard.Library": {
        "type": "Transitive",
        "resolved": "1.6.1",
        "contentHash": "WcSp3+vP+yHNgS8EV5J7pZ9IRpeDuARBPN28by8zqff1wJQXm26PVU8L3/fYLBJVU7BtDyqNVWq2KlCVvSSR4A==",
        "dependencies": {
          "Microsoft.NETCore.Platforms": "1.1.0"
        }
      },
      "Newtonsoft.Json": {
        "type": "Transitive",
        "resolved": "13.0.3",
        "contentHash": "HrC5BXdl00IP9zeV+0Z848QWPAoCr9P3bDEZguI+gkLcBKAOxix/tLEAAHC+UvDNPv4a2d18lOReHMOagPa+zQ=="
      },
      "System.Diagnostics.EventLog": {
        "type": "Transitive",
        "resolved": "6.0.0",
        "contentHash": "lcyUiXTsETK2ALsZrX+nWuHSIQeazhqPphLfaRxzdGaG93+0kELqpgEHtwWOlQe7+jSFnKwaCAgL4kjeZCQJnw=="
      },
      "xunit.abstractions": {
        "type": "Transitive",
        "resolved": "2.0.3",
        "contentHash": "pot1I4YOxlWjIb5jmwvvQNbTrZ3lJQ+jUGkGjWE3hEFM0l5gOnBWS+H3qsex68s5cO52g+44vpGzhAt+42vwKg=="
      },
      "xunit.analyzers": {
        "type": "Transitive",
        "resolved": "1.10.0",
        "contentHash": "Lw8CiDy5NaAWcO6keqD7iZHYUTIuCOcoFrUHw5Sv84ITZ9gFeDybdkVdH0Y2maSlP9fUjtENyiykT44zwFQIHA=="
      },
      "xunit.assert": {
        "type": "Transitive",
        "resolved": "2.6.6",
        "contentHash": "74Cm9lAZOk5TKCz2MvCBCByKsS23yryOKDIMxH3XRDHXmfGM02jKZWzRA7g4mGB41GnBnv/pcWP3vUYkrCtEcg=="
      },
      "xunit.core": {
        "type": "Transitive",
        "resolved": "2.6.6",
        "contentHash": "tqi7RfaNBqM7t8zx6QHryuBPzmotsZXKGaWnopQG2Ez5UV7JoWuyoNdT6gLpDIcKdGYey6YTXJdSr9IXDMKwjg==",
        "dependencies": {
          "xunit.extensibility.core": "[2.6.6]",
          "xunit.extensibility.execution": "[2.6.6]"
        }
      },
      "xunit.extensibility.core": {
        "type": "Transitive",
        "resolved": "2.6.6",
        "contentHash": "ty6VKByzbx4Toj4/VGJLEnlmOawqZiMv0in/tLju+ftA+lbWuAWDERM+E52Jfhj4ZYHrAYVa14KHK5T+dq0XxA==",
        "dependencies": {
          "xunit.abstractions": "2.0.3"
        }
      },
      "xunit.extensibility.execution": {
        "type": "Transitive",
        "resolved": "2.6.6",
        "contentHash": "UDjIVGj2TepVKN3n32/qXIdb3U6STwTb9L6YEwoQO2A8OxiJS5QAVv2l1aT6tDwwv/9WBmm8Khh/LyHALipcng==",
        "dependencies": {
          "xunit.extensibility.core": "[2.6.6]"
        }
      },
      "httpextensions": {
        "type": "Project"
      }
    }
  }
}