{
  "version": 1,
  "dependencies": {
    "net10.0": {
      "Microsoft.EntityFrameworkCore.Relational": {
        "type": "Direct",
        "requested": "[8.0.11, 8.0.11]",
        "resolved": "8.0.11",
        "contentHash": "3TuuW3i5I4Ro0yoaHmi2MqEDGObOVuhLaMEnd/heaLB1fcvm4fu4PevmC4BOWnI0vo176AIlV5o4rEQciLoohw==",
        "dependencies": {
          "Microsoft.EntityFrameworkCore": "8.0.11"
        }
      },
      "Microsoft.EntityFrameworkCore": {
        "type": "Transitive",
        "resolved": "8.0.11",
        "contentHash": "stbjWBTtpQ1HtqXMFyKnXFTr76PvaOHI2b2h85JqBi3eZr00nspvR/a90Zwh8CQ4rVawqLiTG0+0yZQWaav+sQ==",
        "dependencies": {
          "Microsoft.EntityFrameworkCore.Abstractions": "8.0.11",
          "Microsoft.EntityFrameworkCore.Analyzers": "8.0.11"
        }
      },
      "Microsoft.EntityFrameworkCore.Abstractions": {
        "type": "Transitive",
        "resolved": "8.0.11",
        "contentHash": "++zY0Ea724ku1jptWJmF7jm3I4IXTexfT4qi1ETcSFFF7qj+qm6rRgN7mTuKkwIETuXk0ikfzudryRjUGrrNKQ=="
      },
      "Microsoft.EntityFrameworkCore.Analyzers": {
        "type": "Transitive",
        "resolved": "8.0.11",
        "contentHash": "NI/AJQjtC7qgWM8Nr85sRkwlog2AnFer5RKP8xTUH0RuPF3nN0tGXBEeYJOLZWp+/+M/C6O7MMDRhKRE8bZwIA=="
      },
      "data": {
        "type": "Project"
      }
    }
  }
}