
Microsoft Visual Studio Solution File, Format Version 12.00
# Visual Studio 15
Project("{FAE04EC0-301F-11D3-BF4B-00C04F79EFBC}") = "Api", "Api.csproj", "{AE3D3F59-342D-4A37-832E-0CD8B15E03D4}"
EndProject
Global
	GlobalSection(SolutionConfigurationPlatforms) = preSolution
		Debug|Any CPU = Debug|Any CPU
		Release|Any CPU = Release|Any CPU
	EndGlobalSection
	GlobalSection(ProjectConfigurationPlatforms) = postSolution
		{AE3D3F59-342D-4A37-832E-0CD8B15E03D4}.Debug|Any CPU.ActiveCfg = Debug|Any CPU
		{AE3D3F59-342D-4A37-832E-0CD8B15E03D4}.Debug|Any CPU.Build.0 = Debug|Any CPU
		{AE3D3F59-342D-4A37-832E-0CD8B15E03D4}.Release|Any CPU.ActiveCfg = Release|Any CPU
		{AE3D3F59-342D-4A37-832E-0CD8B15E03D4}.Release|Any CPU.Build.0 = Release|Any CPU
	EndGlobalSection
EndGlobal
