
Microsoft Visual Studio Solution File, Format Version 12.00
# Visual Studio Version 16
VisualStudioVersion = 25.0.1703.8
MinimumVisualStudioVersion = 10.0.40219.1
Project("{FAE04EC0-301F-11D3-BF4B-00C04F79EFBC}") = "Commercial.Core.Test", "Commercial.Core.Test\Commercial.Core.Test.csproj", "{70F03E72-2F38-4497-BF31-EA19B13B2161}"
EndProject
Project("{FAE04EC0-301F-11D3-BF4B-00C04F79EFBC}") = "Scim.Test", "Scim.Test\Scim.Test.csproj", "{9BC8E2C9-400D-4FA7-86CA-3E1794E7CA4C}"
EndProject
Project("{FAE04EC0-301F-11D3-BF4B-00C04F79EFBC}") = "Scim.IntegrationTest", "Scim.IntegrationTest\Scim.IntegrationTest.csproj", "{45CD3F1B-127E-44B7-B22B-28D677B621D9}"
EndProject
Global
	GlobalSection(SolutionConfigurationPlatforms) = preSolution
		Debug|Any CPU = Debug|Any CPU
		Release|Any CPU = Release|Any CPU
	EndGlobalSection
	GlobalSection(ProjectConfigurationPlatforms) = postSolution
		{70F03E72-2F38-4497-BF31-EA19B13B2161}.Debug|Any CPU.ActiveCfg = Debug|Any CPU
		{70F03E72-2F38-4497-BF31-EA19B13B2161}.Debug|Any CPU.Build.0 = Debug|Any CPU
		{70F03E72-2F38-4497-BF31-EA19B13B2161}.Release|Any CPU.ActiveCfg = Release|Any CPU
		{70F03E72-2F38-4497-BF31-EA19B13B2161}.Release|Any CPU.Build.0 = Release|Any CPU
		{9BC8E2C9-400D-4FA7-86CA-3E1794E7CA4C}.Debug|Any CPU.ActiveCfg = Debug|Any CPU
		{9BC8E2C9-400D-4FA7-86CA-3E1794E7CA4C}.Debug|Any CPU.Build.0 = Debug|Any CPU
		{9BC8E2C9-400D-4FA7-86CA-3E1794E7CA4C}.Release|Any CPU.ActiveCfg = Release|Any CPU
		{9BC8E2C9-400D-4FA7-86CA-3E1794E7CA4C}.Release|Any CPU.Build.0 = Release|Any CPU
		{45CD3F1B-127E-44B7-B22B-28D677B621D9}.Debug|Any CPU.ActiveCfg = Debug|Any CPU
		{45CD3F1B-127E-44B7-B22B-28D677B621D9}.Debug|Any CPU.Build.0 = Debug|Any CPU
		{45CD3F1B-127E-44B7-B22B-28D677B621D9}.Release|Any CPU.ActiveCfg = Release|Any CPU
		{45CD3F1B-127E-44B7-B22B-28D677B621D9}.Release|Any CPU.Build.0 = Release|Any CPU
	EndGlobalSection
	GlobalSection(SolutionProperties) = preSolution
		HideSolutionNode = FALSE
	EndGlobalSection
	GlobalSection(ExtensibilityGlobals) = postSolution
		SolutionGuid = {BAD5FA17-2653-401A-A1E5-A31C420B9DE8}
	EndGlobalSection
EndGlobal
